<?xml version="1.0" encoding="utf-8"?>
<Project ToolsVersion="4.0" xmlns="http://schemas.microsoft.com/developer/msbuild/2003">
  <ItemGroup>
    <Filter Include="Source Files">
      <UniqueIdentifier>{4FC737F1-C7A5-4376-A066-2A32D752A2FF}</UniqueIdentifier>
      <Extensions>cpp;c;cxx;def;odl;idl;hpj;bat;asm;asmx</Extensions>
    </Filter>
    <Filter Include="Header Files">
      <UniqueIdentifier>{93995380-89BD-4b04-88EB-625FBE52EBFB}</UniqueIdentifier>
      <Extensions>h;hpp;hxx;hm;inl;inc;xsd</Extensions>
    </Filter>
    <Filter Include="Resource Files">
      <UniqueIdentifier>{67DA6AB6-F800-4c08-8B7A-83BB121AAD01}</UniqueIdentifier>
      <Extensions>rc;ico;cur;bmp;dlg;rc2;rct;bin;rgs;gif;jpg;jpeg;jpe;resx</Extensions>
    </Filter>
  </ItemGroup>
  <ItemGroup>
    <ClCompile Include="..\..\ether\channel.c">
      <Filter>Source Files</Filter>
    </ClCompile>
    <ClCompile Include="..\..\ether\closechannel.c">
      <Filter>Source Files</Filter>
    </ClCompile>
    <ClCompile Include="..\..\plc\Devices.c">
      <Filter>Source Files</Filter>
    </ClCompile>
    <ClCompile Include="..\..\plc\Display.c">
      <Filter>Source Files</Filter>
    </ClCompile>
    <ClCompile Include="..\..\tools\error.c">
      <Filter>Source Files</Filter>
    </ClCompile>
    <ClCompile Include="..\..\mme\EthernetHeader.c">
      <Filter>Source Files</Filter>
    </ClCompile>
    <ClCompile Include="..\..\plc\Failure.c">
      <Filter>Source Files</Filter>
    </ClCompile>
    <ClCompile Include="..\..\ether\gethwaddr.c">
      <Filter>Source Files</Filter>
    </ClCompile>
    <ClCompile Include="..\..\ether\getifname.c">
      <Filter>Source Files</Filter>
    </ClCompile>
    <ClCompile Include="..\..\tools\getoptv.c">
      <Filter>Source Files</Filter>
    </ClCompile>
    <ClCompile Include="..\..\tools\gettimeofday.c">
      <Filter>Source Files</Filter>
    </ClCompile>
    <ClCompile Include="..\..\tools\hexdecode.c">
      <Filter>Source Files</Filter>
    </ClCompile>
    <ClCompile Include="..\..\tools\hexdump.c">
      <Filter>Source Files</Filter>
    </ClCompile>
    <ClCompile Include="..\..\tools\hexencode.c">
      <Filter>Source Files</Filter>
    </ClCompile>
    <ClCompile Include="..\..\tools\hexload.c">
      <Filter>Source Files</Filter>
    </ClCompile>
    <ClCompile Include="..\..\nda\int6kecho.c">
      <Filter>Source Files</Filter>
    </ClCompile>
    <ClCompile Include="..\..\nda\Loopback.c">
      <Filter>Source Files</Filter>
    </ClCompile>
    <ClCompile Include="..\..\mme\MMECode.c">
      <Filter>Source Files</Filter>
    </ClCompile>
    <ClCompile Include="..\..\ether\openchannel.c">
      <Filter>Source Files</Filter>
    </ClCompile>
    <ClCompile Include="..\..\tools\putoptv.c">
      <Filter>Source Files</Filter>
    </ClCompile>
    <ClCompile Include="..\..\mme\QualcommHeader.c">
      <Filter>Source Files</Filter>
    </ClCompile>
    <ClCompile Include="..\..\plc\ReadMME.c">
      <Filter>Source Files</Filter>
    </ClCompile>
    <ClCompile Include="..\..\ether\readpacket.c">
      <Filter>Source Files</Filter>
    </ClCompile>
    <ClCompile Include="..\..\plc\Request.c">
      <Filter>Source Files</Filter>
    </ClCompile>
    <ClCompile Include="..\..\plc\SendMME.c">
      <Filter>Source Files</Filter>
    </ClCompile>
    <ClCompile Include="..\..\ether\sendpacket.c">
      <Filter>Source Files</Filter>
    </ClCompile>
    <ClCompile Include="..\..\tools\synonym.c">
      <Filter>Source Files</Filter>
    </ClCompile>
    <ClCompile Include="..\..\tools\todigit.c">
      <Filter>Source Files</Filter>
    </ClCompile>
    <ClCompile Include="..\..\tools\uintspec.c">
      <Filter>Source Files</Filter>
    </ClCompile>
    <ClCompile Include="..\..\mme\UnwantedMessage.c">
      <Filter>Source Files</Filter>
    </ClCompile>
    <ClCompile Include="..\..\tools\version.c">
      <Filter>Source Files</Filter>
    </ClCompile>
  </ItemGroup>
  <ItemGroup>
    <ClInclude Include="..\..\ether\channel.h">
      <Filter>Header Files</Filter>
    </ClInclude>
    <ClInclude Include="..\..\tools\error.h">
      <Filter>Header Files</Filter>
    </ClInclude>
    <ClInclude Include="..\..\ether\ether.h">
      <Filter>Header Files</Filter>
    </ClInclude>
    <ClInclude Include="..\..\tools\getoptv.h">
      <Filter>Header Files</Filter>
    </ClInclude>
    <ClInclude Include="..\..\tools\putoptv.h">
      <Filter>Header Files</Filter>
    </ClInclude>
    <ClInclude Include="..\..\tools\version.h">
      <Filter>Header Files</Filter>
    </ClInclude>
  </ItemGroup>
</Project>