<?xml version="1.0" encoding="utf-8"?>
<Project ToolsVersion="4.0" xmlns="http://schemas.microsoft.com/developer/msbuild/2003">
  <ItemGroup>
    <Filter Include="Source Files">
      <UniqueIdentifier>{4FC737F1-C7A5-4376-A066-2A32D752A2FF}</UniqueIdentifier>
      <Extensions>cpp;c;cxx;def;odl;idl;hpj;bat;asm;asmx</Extensions>
    </Filter>
    <Filter Include="Header Files">
      <UniqueIdentifier>{93995380-89BD-4b04-88EB-625FBE52EBFB}</UniqueIdentifier>
      <Extensions>h;hpp;hxx;hm;inl;inc;xsd</Extensions>
    </Filter>
    <Filter Include="Resource Files">
      <UniqueIdentifier>{67DA6AB6-F800-4c08-8B7A-83BB121AAD01}</UniqueIdentifier>
      <Extensions>rc;ico;cur;bmp;dlg;rc2;rct;bin;rgs;gif;jpg;jpeg;jpe;resx</Extensions>
    </Filter>
  </ItemGroup>
  <ItemGroup>
    <ClCompile Include="..\..\plc\amptool.c">
      <Filter>Source Files</Filter>
    </ClCompile>
    <ClCompile Include="..\..\plc\Attributes1.c">
      <Filter>Source Files</Filter>
    </ClCompile>
    <ClCompile Include="..\..\ether\channel.c">
      <Filter>Source Files</Filter>
    </ClCompile>
    <ClCompile Include="..\..\tools\checkfilename.c">
      <Filter>Source Files</Filter>
    </ClCompile>
    <ClCompile Include="..\..\tools\checksum32.c">
      <Filter>Source Files</Filter>
    </ClCompile>
    <ClCompile Include="..\..\plc\chipset.c">
      <Filter>Source Files</Filter>
    </ClCompile>
    <ClCompile Include="..\..\ether\closechannel.c">
      <Filter>Source Files</Filter>
    </ClCompile>
    <ClCompile Include="..\..\plc\Confirm.c">
      <Filter>Source Files</Filter>
    </ClCompile>
    <ClCompile Include="..\..\plc\Devices.c">
      <Filter>Source Files</Filter>
    </ClCompile>
    <ClCompile Include="..\..\plc\Display.c">
      <Filter>Source Files</Filter>
    </ClCompile>
    <ClCompile Include="..\..\tools\emalloc.c">
      <Filter>Source Files</Filter>
    </ClCompile>
    <ClCompile Include="..\..\tools\error.c">
      <Filter>Source Files</Filter>
    </ClCompile>
    <ClCompile Include="..\..\mme\EthernetHeader.c">
      <Filter>Source Files</Filter>
    </ClCompile>
    <ClCompile Include="..\..\plc\FactoryDefaults.c">
      <Filter>Source Files</Filter>
    </ClCompile>
    <ClCompile Include="..\..\plc\Failure.c">
      <Filter>Source Files</Filter>
    </ClCompile>
    <ClCompile Include="..\..\tools\fdchecksum32.c">
      <Filter>Source Files</Filter>
    </ClCompile>
    <ClCompile Include="..\..\plc\FlashDevice1.c">
      <Filter>Source Files</Filter>
    </ClCompile>
    <ClCompile Include="..\..\plc\FlashNVM.c">
      <Filter>Source Files</Filter>
    </ClCompile>
    <ClCompile Include="..\..\mme\FragmentHeader.c">
      <Filter>Source Files</Filter>
    </ClCompile>
    <ClCompile Include="..\..\ether\gethwaddr.c">
      <Filter>Source Files</Filter>
    </ClCompile>
    <ClCompile Include="..\..\ether\getifname.c">
      <Filter>Source Files</Filter>
    </ClCompile>
    <ClCompile Include="..\..\tools\getoptv.c">
      <Filter>Source Files</Filter>
    </ClCompile>
    <ClCompile Include="..\..\tools\gettimeofday.c">
      <Filter>Source Files</Filter>
    </ClCompile>
    <ClCompile Include="..\..\tools\hexdecode.c">
      <Filter>Source Files</Filter>
    </ClCompile>
    <ClCompile Include="..\..\tools\hexdump.c">
      <Filter>Source Files</Filter>
    </ClCompile>
    <ClCompile Include="..\..\tools\hexencode.c">
      <Filter>Source Files</Filter>
    </ClCompile>
    <ClCompile Include="..\..\tools\hexout.c">
      <Filter>Source Files</Filter>
    </ClCompile>
    <ClCompile Include="..\..\tools\hexstring.c">
      <Filter>Source Files</Filter>
    </ClCompile>
    <ClCompile Include="..\..\plc\HostActionResponse.c">
      <Filter>Source Files</Filter>
    </ClCompile>
    <ClCompile Include="..\..\plc\Identity1.c">
      <Filter>Source Files</Filter>
    </ClCompile>
    <ClCompile Include="..\..\key\keys.c">
      <Filter>Source Files</Filter>
    </ClCompile>
    <ClCompile Include="..\..\mme\MMECode.c">
      <Filter>Source Files</Filter>
    </ClCompile>
    <ClCompile Include="..\..\plc\NetInfo2.c">
      <Filter>Source Files</Filter>
    </ClCompile>
    <ClCompile Include="..\..\nvm\nvmfile.c">
      <Filter>Source Files</Filter>
    </ClCompile>
    <ClCompile Include="..\..\nvm\nvmfile1.c">
      <Filter>Source Files</Filter>
    </ClCompile>
    <ClCompile Include="..\..\nvm\nvmfile2.c">
      <Filter>Source Files</Filter>
    </ClCompile>
    <ClCompile Include="..\..\ram\nvram.c">
      <Filter>Source Files</Filter>
    </ClCompile>
    <ClCompile Include="..\..\plc\NVRAMInfo.c">
      <Filter>Source Files</Filter>
    </ClCompile>
    <ClCompile Include="..\..\ram\nvrampeek.c">
      <Filter>Source Files</Filter>
    </ClCompile>
    <ClCompile Include="..\..\ether\openchannel.c">
      <Filter>Source Files</Filter>
    </ClCompile>
    <ClCompile Include="..\..\pib\pibfile1.c">
      <Filter>Source Files</Filter>
    </ClCompile>
    <ClCompile Include="..\..\pib\pibpeek1.c">
      <Filter>Source Files</Filter>
    </ClCompile>
    <ClCompile Include="..\..\plc\PushButton.c">
      <Filter>Source Files</Filter>
    </ClCompile>
    <ClCompile Include="..\..\tools\putoptv.c">
      <Filter>Source Files</Filter>
    </ClCompile>
    <ClCompile Include="..\..\mme\QualcommHeader.c">
      <Filter>Source Files</Filter>
    </ClCompile>
    <ClCompile Include="..\..\plc\ReadFirmware1.c">
      <Filter>Source Files</Filter>
    </ClCompile>
    <ClCompile Include="..\..\plc\ReadFMI.c">
      <Filter>Source Files</Filter>
    </ClCompile>
    <ClCompile Include="..\..\plc\ReadMFG.c">
      <Filter>Source Files</Filter>
    </ClCompile>
    <ClCompile Include="..\..\plc\ReadMME.c">
      <Filter>Source Files</Filter>
    </ClCompile>
    <ClCompile Include="..\..\ether\readpacket.c">
      <Filter>Source Files</Filter>
    </ClCompile>
    <ClCompile Include="..\..\plc\ReadParameters1.c">
      <Filter>Source Files</Filter>
    </ClCompile>
    <ClCompile Include="..\..\plc\RemoteHosts.c">
      <Filter>Source Files</Filter>
    </ClCompile>
    <ClCompile Include="..\..\plc\Request.c">
      <Filter>Source Files</Filter>
    </ClCompile>
    <ClCompile Include="..\..\plc\ResetDevice.c">
      <Filter>Source Files</Filter>
    </ClCompile>
    <ClCompile Include="..\..\ram\sdramfile.c">
      <Filter>Source Files</Filter>
    </ClCompile>
    <ClCompile Include="..\..\plc\SDRAMInfo.c">
      <Filter>Source Files</Filter>
    </ClCompile>
    <ClCompile Include="..\..\ram\sdrampeek.c">
      <Filter>Source Files</Filter>
    </ClCompile>
    <ClCompile Include="..\..\plc\SendMME.c">
      <Filter>Source Files</Filter>
    </ClCompile>
    <ClCompile Include="..\..\ether\sendpacket.c">
      <Filter>Source Files</Filter>
    </ClCompile>
    <ClCompile Include="..\..\plc\SetNMK.c">
      <Filter>Source Files</Filter>
    </ClCompile>
    <ClCompile Include="..\..\plc\StartFirmware1.c">
      <Filter>Source Files</Filter>
    </ClCompile>
    <ClCompile Include="..\..\plc\StartFirmware2.c">
      <Filter>Source Files</Filter>
    </ClCompile>
    <ClCompile Include="..\..\plc\StationRole.c">
      <Filter>Source Files</Filter>
    </ClCompile>
    <ClCompile Include="..\..\tools\strfbits.c">
      <Filter>Source Files</Filter>
    </ClCompile>
    <ClCompile Include="..\..\tools\synonym.c">
      <Filter>Source Files</Filter>
    </ClCompile>
    <ClCompile Include="..\..\tools\todigit.c">
      <Filter>Source Files</Filter>
    </ClCompile>
    <ClCompile Include="..\..\tools\typename.c">
      <Filter>Source Files</Filter>
    </ClCompile>
    <ClCompile Include="..\..\tools\uintspec.c">
      <Filter>Source Files</Filter>
    </ClCompile>
    <ClCompile Include="..\..\mme\UnwantedMessage.c">
      <Filter>Source Files</Filter>
    </ClCompile>
    <ClCompile Include="..\..\tools\version.c">
      <Filter>Source Files</Filter>
    </ClCompile>
    <ClCompile Include="..\..\plc\VersionInfo1.c">
      <Filter>Source Files</Filter>
    </ClCompile>
    <ClCompile Include="..\..\plc\WaitForReset.c">
      <Filter>Source Files</Filter>
    </ClCompile>
    <ClCompile Include="..\..\plc\WaitForStart.c">
      <Filter>Source Files</Filter>
    </ClCompile>
    <ClCompile Include="..\..\plc\WatchdogReport.c">
      <Filter>Source Files</Filter>
    </ClCompile>
    <ClCompile Include="..\..\plc\WriteCFG.c">
      <Filter>Source Files</Filter>
    </ClCompile>
    <ClCompile Include="..\..\plc\WriteMEM.c">
      <Filter>Source Files</Filter>
    </ClCompile>
    <ClCompile Include="..\..\plc\WriteNVM.c">
      <Filter>Source Files</Filter>
    </ClCompile>
    <ClCompile Include="..\..\plc\WritePIB.c">
      <Filter>Source Files</Filter>
    </ClCompile>
    <ClCompile Include="..\..\plc\WaitForRestart.c">
      <Filter>Source Files</Filter>
    </ClCompile>
  </ItemGroup>
  <ItemGroup>
    <ClInclude Include="..\..\key\base64.h">
      <Filter>Header Files</Filter>
    </ClInclude>
    <ClInclude Include="..\..\ether\channel.h">
      <Filter>Header Files</Filter>
    </ClInclude>
    <ClInclude Include="..\..\plc\chipset.h">
      <Filter>Header Files</Filter>
    </ClInclude>
    <ClInclude Include="..\..\tools\endian.h">
      <Filter>Header Files</Filter>
    </ClInclude>
    <ClInclude Include="..\..\tools\error.h">
      <Filter>Header Files</Filter>
    </ClInclude>
    <ClInclude Include="..\include\net\ethernet.h">
      <Filter>Header Files</Filter>
    </ClInclude>
    <ClInclude Include="..\..\tools\files.h">
      <Filter>Header Files</Filter>
    </ClInclude>
    <ClInclude Include="..\..\tools\format.h">
      <Filter>Header Files</Filter>
    </ClInclude>
    <ClInclude Include="..\..\tools\getoptv.h">
      <Filter>Header Files</Filter>
    </ClInclude>
    <ClInclude Include="..\..\plc\homeplug.h">
      <Filter>Header Files</Filter>
    </ClInclude>
    <ClInclude Include="..\include\net\if.h">
      <Filter>Header Files</Filter>
    </ClInclude>
    <ClInclude Include="..\..\plc\int6k.h">
      <Filter>Header Files</Filter>
    </ClInclude>
    <ClInclude Include="..\..\plc\intellon.h">
      <Filter>Header Files</Filter>
    </ClInclude>
    <ClInclude Include="..\..\key\keys.h">
      <Filter>Header Files</Filter>
    </ClInclude>
    <ClInclude Include="..\..\tools\markup.h">
      <Filter>Header Files</Filter>
    </ClInclude>
    <ClInclude Include="..\..\tools\memory.h">
      <Filter>Header Files</Filter>
    </ClInclude>
    <ClInclude Include="..\..\nvm\nvm.h">
      <Filter>Header Files</Filter>
    </ClInclude>
    <ClInclude Include="..\..\ram\nvram.h">
      <Filter>Header Files</Filter>
    </ClInclude>
    <ClInclude Include="..\include\pcap-bpf.h">
      <Filter>Header Files</Filter>
    </ClInclude>
    <ClInclude Include="..\..\ether\pcap.h">
      <Filter>Header Files</Filter>
    </ClInclude>
    <ClInclude Include="..\..\pib\pib.h">
      <Filter>Header Files</Filter>
    </ClInclude>
    <ClInclude Include="..\..\plc\plc.h">
      <Filter>Header Files</Filter>
    </ClInclude>
    <ClInclude Include="..\..\tools\putoptv.h">
      <Filter>Header Files</Filter>
    </ClInclude>
    <ClInclude Include="..\..\ram\sdram.h">
      <Filter>Header Files</Filter>
    </ClInclude>
    <ClInclude Include="..\..\tools\stdint.h">
      <Filter>Header Files</Filter>
    </ClInclude>
    <ClInclude Include="..\..\tools\tools.h">
      <Filter>Header Files</Filter>
    </ClInclude>
    <ClInclude Include="..\..\tools\types.h">
      <Filter>Header Files</Filter>
    </ClInclude>
    <ClInclude Include="..\include\unistd.h">
      <Filter>Header Files</Filter>
    </ClInclude>
    <ClInclude Include="..\..\tools\version.h">
      <Filter>Header Files</Filter>
    </ClInclude>
  </ItemGroup>
</Project>