
Microsoft Visual Studio Solution File, Format Version 12.00
# Visual Studio 14
VisualStudioVersion = 14.0.23107.0
MinimumVisualStudioVersion = 10.0.40219.1
Project("{8BC9CEB8-8B4A-11D0-8D11-00A0C91BC942}") = "hellobrowser", "hellobrowser.vcxproj", "{310F39BD-A2D6-44FF-8344-37ADD0524CBD}"
	ProjectSection(ProjectDependencies) = postProject
		{9CFB0342-A9E7-483E-BEE5-A1DE22584C5A} = {9CFB0342-A9E7-483E-BEE5-A1DE22584C5A}
	EndProjectSection
EndProject
Project("{8BC9CEB8-8B4A-11D0-8D11-00A0C91BC942}") = "libmicrohttpd", "libmicrohttpd.vcxproj", "{9CFB0342-A9E7-483E-BEE5-A1DE22584C5A}"
EndProject
Project("{8BC9CEB8-8B4A-11D0-8D11-00A0C91BC942}") = "simplepost", "simplepost.vcxproj", "{294D5317-E983-4682-8DB5-678EA4645E11}"
	ProjectSection(ProjectDependencies) = postProject
		{9CFB0342-A9E7-483E-BEE5-A1DE22584C5A} = {9CFB0342-A9E7-483E-BEE5-A1DE22584C5A}
	EndProjectSection
EndProject
Project("{8BC9CEB8-8B4A-11D0-8D11-00A0C91BC942}") = "largepost", "largepost.vcxproj", "{77A27E6D-9A39-40B8-961B-40E63DB7FA65}"
	ProjectSection(ProjectDependencies) = postProject
		{9CFB0342-A9E7-483E-BEE5-A1DE22584C5A} = {9CFB0342-A9E7-483E-BEE5-A1DE22584C5A}
	EndProjectSection
EndProject
Project("{8BC9CEB8-8B4A-11D0-8D11-00A0C91BC942}") = "perf_replies", "perf_replies.vcxproj", "{0192C6B5-D870-4857-B673-471E3EBD41D4}"
	ProjectSection(ProjectDependencies) = postProject
		{9CFB0342-A9E7-483E-BEE5-A1DE22584C5A} = {9CFB0342-A9E7-483E-BEE5-A1DE22584C5A}
	EndProjectSection
EndProject
Global
	GlobalSection(SolutionConfigurationPlatforms) = preSolution
		Debug-dll|x64 = Debug-dll|x64
		Debug-dll|Win32 = Debug-dll|Win32
		Debug-dll|ARM64 = Debug-dll|ARM64
		Debug-dll|ARM = Debug-dll|ARM
		Debug-dll-xp|x64 = Debug-dll-xp|x64
		Debug-dll-xp|Win32 = Debug-dll-xp|Win32
		Debug-dll-xp|ARM64 = Debug-dll-xp|ARM64
		Debug-dll-xp|ARM = Debug-dll-xp|ARM
		Debug-static|x64 = Debug-static|x64
		Debug-static|Win32 = Debug-static|Win32
		Debug-static|ARM64 = Debug-static|ARM64
		Debug-static|ARM = Debug-static|ARM
		Debug-static-xp|x64 = Debug-static-xp|x64
		Debug-static-xp|Win32 = Debug-static-xp|Win32
		Debug-static-xp|ARM64 = Debug-static-xp|ARM64
		Debug-static-xp|ARM = Debug-static-xp|ARM
		Release-dll|x64 = Release-dll|x64
		Release-dll|Win32 = Release-dll|Win32
		Release-dll|ARM64 = Release-dll|ARM64
		Release-dll|ARM = Release-dll|ARM
		Release-dll-xp|x64 = Release-dll-xp|x64
		Release-dll-xp|Win32 = Release-dll-xp|Win32
		Release-dll-xp|ARM64 = Release-dll-xp|ARM64
		Release-dll-xp|ARM = Release-dll-xp|ARM
		Release-static|x64 = Release-static|x64
		Release-static|Win32 = Release-static|Win32
		Release-static|ARM64 = Release-static|ARM64
		Release-static|ARM = Release-static|ARM
		Release-static-xp|x64 = Release-static-xp|x64
		Release-static-xp|Win32 = Release-static-xp|Win32
		Release-static-xp|ARM64 = Release-static-xp|ARM64
		Release-static-xp|ARM = Release-static-xp|ARM
	EndGlobalSection
	GlobalSection(ProjectConfigurationPlatforms) = postSolution
		{310F39BD-A2D6-44FF-8344-37ADD0524CBD}.Debug-dll|x64.ActiveCfg = Debug-dll|x64
		{310F39BD-A2D6-44FF-8344-37ADD0524CBD}.Debug-dll|x64.Build.0 = Debug-dll|x64
		{310F39BD-A2D6-44FF-8344-37ADD0524CBD}.Debug-dll|Win32.ActiveCfg = Debug-dll|Win32
		{310F39BD-A2D6-44FF-8344-37ADD0524CBD}.Debug-dll|Win32.Build.0 = Debug-dll|Win32
		{310F39BD-A2D6-44FF-8344-37ADD0524CBD}.Debug-dll|ARM64.ActiveCfg = Debug-dll|ARM64
		{310F39BD-A2D6-44FF-8344-37ADD0524CBD}.Debug-dll|ARM64.Build.0 = Debug-dll|ARM64
		{310F39BD-A2D6-44FF-8344-37ADD0524CBD}.Debug-dll|ARM.ActiveCfg = Debug-dll|ARM
		{310F39BD-A2D6-44FF-8344-37ADD0524CBD}.Debug-dll|ARM.Build.0 = Debug-dll|ARM
		{310F39BD-A2D6-44FF-8344-37ADD0524CBD}.Debug-dll-xp|x64.ActiveCfg = Debug-dll|x64
		{310F39BD-A2D6-44FF-8344-37ADD0524CBD}.Debug-dll-xp|x64.Build.0 = Debug-dll|x64
		{310F39BD-A2D6-44FF-8344-37ADD0524CBD}.Debug-dll-xp|Win32.ActiveCfg = Debug-dll|Win32
		{310F39BD-A2D6-44FF-8344-37ADD0524CBD}.Debug-dll-xp|Win32.Build.0 = Debug-dll|Win32
		{310F39BD-A2D6-44FF-8344-37ADD0524CBD}.Debug-dll-xp|ARM64.ActiveCfg = Release-static|ARM
		{310F39BD-A2D6-44FF-8344-37ADD0524CBD}.Debug-dll-xp|ARM64.Build.0 = Release-static|ARM
		{310F39BD-A2D6-44FF-8344-37ADD0524CBD}.Debug-dll-xp|ARM.ActiveCfg = Release-static|ARM
		{310F39BD-A2D6-44FF-8344-37ADD0524CBD}.Debug-dll-xp|ARM.Build.0 = Release-static|ARM
		{310F39BD-A2D6-44FF-8344-37ADD0524CBD}.Debug-static|x64.ActiveCfg = Debug-static|x64
		{310F39BD-A2D6-44FF-8344-37ADD0524CBD}.Debug-static|x64.Build.0 = Debug-static|x64
		{310F39BD-A2D6-44FF-8344-37ADD0524CBD}.Debug-static|Win32.ActiveCfg = Debug-static|Win32
		{310F39BD-A2D6-44FF-8344-37ADD0524CBD}.Debug-static|Win32.Build.0 = Debug-static|Win32
		{310F39BD-A2D6-44FF-8344-37ADD0524CBD}.Debug-static|ARM64.ActiveCfg = Debug-static|ARM64
		{310F39BD-A2D6-44FF-8344-37ADD0524CBD}.Debug-static|ARM64.Build.0 = Debug-static|ARM64
		{310F39BD-A2D6-44FF-8344-37ADD0524CBD}.Debug-static|ARM.ActiveCfg = Debug-static|ARM
		{310F39BD-A2D6-44FF-8344-37ADD0524CBD}.Debug-static|ARM.Build.0 = Debug-static|ARM
		{310F39BD-A2D6-44FF-8344-37ADD0524CBD}.Debug-static-xp|x64.ActiveCfg = Debug-static|x64
		{310F39BD-A2D6-44FF-8344-37ADD0524CBD}.Debug-static-xp|x64.Build.0 = Debug-static|x64
		{310F39BD-A2D6-44FF-8344-37ADD0524CBD}.Debug-static-xp|Win32.ActiveCfg = Debug-static|Win32
		{310F39BD-A2D6-44FF-8344-37ADD0524CBD}.Debug-static-xp|Win32.Build.0 = Debug-static|Win32
		{310F39BD-A2D6-44FF-8344-37ADD0524CBD}.Debug-static-xp|ARM64.ActiveCfg = Release-static|ARM
		{310F39BD-A2D6-44FF-8344-37ADD0524CBD}.Debug-static-xp|ARM64.Build.0 = Release-static|ARM
		{310F39BD-A2D6-44FF-8344-37ADD0524CBD}.Debug-static-xp|ARM.ActiveCfg = Release-static|ARM
		{310F39BD-A2D6-44FF-8344-37ADD0524CBD}.Debug-static-xp|ARM.Build.0 = Release-static|ARM
		{310F39BD-A2D6-44FF-8344-37ADD0524CBD}.Release-dll|x64.ActiveCfg = Release-dll|x64
		{310F39BD-A2D6-44FF-8344-37ADD0524CBD}.Release-dll|x64.Build.0 = Release-dll|x64
		{310F39BD-A2D6-44FF-8344-37ADD0524CBD}.Release-dll|Win32.ActiveCfg = Release-dll|Win32
		{310F39BD-A2D6-44FF-8344-37ADD0524CBD}.Release-dll|Win32.Build.0 = Release-dll|Win32
		{310F39BD-A2D6-44FF-8344-37ADD0524CBD}.Release-dll|ARM64.ActiveCfg = Release-dll|ARM64
		{310F39BD-A2D6-44FF-8344-37ADD0524CBD}.Release-dll|ARM64.Build.0 = Release-dll|ARM64
		{310F39BD-A2D6-44FF-8344-37ADD0524CBD}.Release-dll|ARM.ActiveCfg = Release-dll|ARM
		{310F39BD-A2D6-44FF-8344-37ADD0524CBD}.Release-dll|ARM.Build.0 = Release-dll|ARM
		{310F39BD-A2D6-44FF-8344-37ADD0524CBD}.Release-dll-xp|x64.ActiveCfg = Release-dll|x64
		{310F39BD-A2D6-44FF-8344-37ADD0524CBD}.Release-dll-xp|x64.Build.0 = Release-dll|x64
		{310F39BD-A2D6-44FF-8344-37ADD0524CBD}.Release-dll-xp|Win32.ActiveCfg = Release-dll|Win32
		{310F39BD-A2D6-44FF-8344-37ADD0524CBD}.Release-dll-xp|Win32.Build.0 = Release-dll|Win32
		{310F39BD-A2D6-44FF-8344-37ADD0524CBD}.Release-dll-xp|ARM64.ActiveCfg = Release-static|ARM
		{310F39BD-A2D6-44FF-8344-37ADD0524CBD}.Release-dll-xp|ARM64.Build.0 = Release-static|ARM
		{310F39BD-A2D6-44FF-8344-37ADD0524CBD}.Release-dll-xp|ARM.ActiveCfg = Release-static|ARM
		{310F39BD-A2D6-44FF-8344-37ADD0524CBD}.Release-dll-xp|ARM.Build.0 = Release-static|ARM
		{310F39BD-A2D6-44FF-8344-37ADD0524CBD}.Release-static|x64.ActiveCfg = Release-static|x64
		{310F39BD-A2D6-44FF-8344-37ADD0524CBD}.Release-static|x64.Build.0 = Release-static|x64
		{310F39BD-A2D6-44FF-8344-37ADD0524CBD}.Release-static|Win32.ActiveCfg = Release-static|Win32
		{310F39BD-A2D6-44FF-8344-37ADD0524CBD}.Release-static|Win32.Build.0 = Release-static|Win32
		{310F39BD-A2D6-44FF-8344-37ADD0524CBD}.Release-static|ARM64.ActiveCfg = Release-static|ARM64
		{310F39BD-A2D6-44FF-8344-37ADD0524CBD}.Release-static|ARM64.Build.0 = Release-static|ARM64
		{310F39BD-A2D6-44FF-8344-37ADD0524CBD}.Release-static|ARM.ActiveCfg = Release-static|ARM
		{310F39BD-A2D6-44FF-8344-37ADD0524CBD}.Release-static|ARM.Build.0 = Release-static|ARM
		{310F39BD-A2D6-44FF-8344-37ADD0524CBD}.Release-static-xp|x64.ActiveCfg = Release-static|x64
		{310F39BD-A2D6-44FF-8344-37ADD0524CBD}.Release-static-xp|x64.Build.0 = Release-static|x64
		{310F39BD-A2D6-44FF-8344-37ADD0524CBD}.Release-static-xp|Win32.ActiveCfg = Release-static|Win32
		{310F39BD-A2D6-44FF-8344-37ADD0524CBD}.Release-static-xp|Win32.Build.0 = Release-static|Win32
		{310F39BD-A2D6-44FF-8344-37ADD0524CBD}.Release-static-xp|ARM64.ActiveCfg = Release-static|ARM
		{310F39BD-A2D6-44FF-8344-37ADD0524CBD}.Release-static-xp|ARM64.Build.0 = Release-static|ARM
		{310F39BD-A2D6-44FF-8344-37ADD0524CBD}.Release-static-xp|ARM.ActiveCfg = Release-static|ARM
		{310F39BD-A2D6-44FF-8344-37ADD0524CBD}.Release-static-xp|ARM.Build.0 = Release-static|ARM
		{9CFB0342-A9E7-483E-BEE5-A1DE22584C5A}.Debug-dll|x64.ActiveCfg = Debug-dll|x64
		{9CFB0342-A9E7-483E-BEE5-A1DE22584C5A}.Debug-dll|x64.Build.0 = Debug-dll|x64
		{9CFB0342-A9E7-483E-BEE5-A1DE22584C5A}.Debug-dll|Win32.ActiveCfg = Debug-dll|Win32
		{9CFB0342-A9E7-483E-BEE5-A1DE22584C5A}.Debug-dll|Win32.Build.0 = Debug-dll|Win32
		{9CFB0342-A9E7-483E-BEE5-A1DE22584C5A}.Debug-dll|ARM64.ActiveCfg = Debug-dll|ARM64
		{9CFB0342-A9E7-483E-BEE5-A1DE22584C5A}.Debug-dll|ARM64.Build.0 = Debug-dll|ARM64
		{9CFB0342-A9E7-483E-BEE5-A1DE22584C5A}.Debug-dll|ARM.ActiveCfg = Debug-dll|ARM
		{9CFB0342-A9E7-483E-BEE5-A1DE22584C5A}.Debug-dll|ARM.Build.0 = Debug-dll|ARM
		{9CFB0342-A9E7-483E-BEE5-A1DE22584C5A}.Debug-dll-xp|x64.ActiveCfg = Debug-dll-xp|x64
		{9CFB0342-A9E7-483E-BEE5-A1DE22584C5A}.Debug-dll-xp|x64.Build.0 = Debug-dll-xp|x64
		{9CFB0342-A9E7-483E-BEE5-A1DE22584C5A}.Debug-dll-xp|Win32.ActiveCfg = Debug-dll-xp|Win32
		{9CFB0342-A9E7-483E-BEE5-A1DE22584C5A}.Debug-dll-xp|Win32.Build.0 = Debug-dll-xp|Win32
		{9CFB0342-A9E7-483E-BEE5-A1DE22584C5A}.Debug-dll-xp|ARM64.ActiveCfg = Debug-dll-xp|Win32
		{9CFB0342-A9E7-483E-BEE5-A1DE22584C5A}.Debug-dll-xp|ARM.ActiveCfg = Debug-dll-xp|Win32
		{9CFB0342-A9E7-483E-BEE5-A1DE22584C5A}.Debug-static|x64.ActiveCfg = Debug-static|x64
		{9CFB0342-A9E7-483E-BEE5-A1DE22584C5A}.Debug-static|x64.Build.0 = Debug-static|x64
		{9CFB0342-A9E7-483E-BEE5-A1DE22584C5A}.Debug-static|Win32.ActiveCfg = Debug-static|Win32
		{9CFB0342-A9E7-483E-BEE5-A1DE22584C5A}.Debug-static|Win32.Build.0 = Debug-static|Win32
		{9CFB0342-A9E7-483E-BEE5-A1DE22584C5A}.Debug-static|ARM64.ActiveCfg = Debug-static|ARM64
		{9CFB0342-A9E7-483E-BEE5-A1DE22584C5A}.Debug-static|ARM64.Build.0 = Debug-static|ARM64
		{9CFB0342-A9E7-483E-BEE5-A1DE22584C5A}.Debug-static|ARM.ActiveCfg = Debug-static|ARM
		{9CFB0342-A9E7-483E-BEE5-A1DE22584C5A}.Debug-static|ARM.Build.0 = Debug-static|ARM
		{9CFB0342-A9E7-483E-BEE5-A1DE22584C5A}.Debug-static-xp|x64.ActiveCfg = Debug-static-xp|x64
		{9CFB0342-A9E7-483E-BEE5-A1DE22584C5A}.Debug-static-xp|x64.Build.0 = Debug-static-xp|x64
		{9CFB0342-A9E7-483E-BEE5-A1DE22584C5A}.Debug-static-xp|Win32.ActiveCfg = Debug-static-xp|Win32
		{9CFB0342-A9E7-483E-BEE5-A1DE22584C5A}.Debug-static-xp|Win32.Build.0 = Debug-static-xp|Win32
		{9CFB0342-A9E7-483E-BEE5-A1DE22584C5A}.Debug-static-xp|ARM64.ActiveCfg = Debug-static-xp|Win32
		{9CFB0342-A9E7-483E-BEE5-A1DE22584C5A}.Debug-static-xp|ARM.ActiveCfg = Debug-static-xp|Win32
		{9CFB0342-A9E7-483E-BEE5-A1DE22584C5A}.Release-dll|x64.ActiveCfg = Release-dll|x64
		{9CFB0342-A9E7-483E-BEE5-A1DE22584C5A}.Release-dll|x64.Build.0 = Release-dll|x64
		{9CFB0342-A9E7-483E-BEE5-A1DE22584C5A}.Release-dll|Win32.ActiveCfg = Release-dll|Win32
		{9CFB0342-A9E7-483E-BEE5-A1DE22584C5A}.Release-dll|Win32.Build.0 = Release-dll|Win32
		{9CFB0342-A9E7-483E-BEE5-A1DE22584C5A}.Release-dll|ARM64.ActiveCfg = Release-dll|ARM64
		{9CFB0342-A9E7-483E-BEE5-A1DE22584C5A}.Release-dll|ARM64.Build.0 = Release-dll|ARM64
		{9CFB0342-A9E7-483E-BEE5-A1DE22584C5A}.Release-dll|ARM.ActiveCfg = Release-dll|ARM
		{9CFB0342-A9E7-483E-BEE5-A1DE22584C5A}.Release-dll|ARM.Build.0 = Release-dll|ARM
		{9CFB0342-A9E7-483E-BEE5-A1DE22584C5A}.Release-dll-xp|x64.ActiveCfg = Release-dll-xp|x64
		{9CFB0342-A9E7-483E-BEE5-A1DE22584C5A}.Release-dll-xp|x64.Build.0 = Release-dll-xp|x64
		{9CFB0342-A9E7-483E-BEE5-A1DE22584C5A}.Release-dll-xp|Win32.ActiveCfg = Release-dll-xp|Win32
		{9CFB0342-A9E7-483E-BEE5-A1DE22584C5A}.Release-dll-xp|Win32.Build.0 = Release-dll-xp|Win32
		{9CFB0342-A9E7-483E-BEE5-A1DE22584C5A}.Release-dll-xp|ARM64.ActiveCfg = Release-dll-xp|Win32
		{9CFB0342-A9E7-483E-BEE5-A1DE22584C5A}.Release-dll-xp|ARM.ActiveCfg = Release-dll-xp|Win32
		{9CFB0342-A9E7-483E-BEE5-A1DE22584C5A}.Release-static|x64.ActiveCfg = Release-static|x64
		{9CFB0342-A9E7-483E-BEE5-A1DE22584C5A}.Release-static|x64.Build.0 = Release-static|x64
		{9CFB0342-A9E7-483E-BEE5-A1DE22584C5A}.Release-static|Win32.ActiveCfg = Release-static|Win32
		{9CFB0342-A9E7-483E-BEE5-A1DE22584C5A}.Release-static|Win32.Build.0 = Release-static|Win32
		{9CFB0342-A9E7-483E-BEE5-A1DE22584C5A}.Release-static|ARM64.ActiveCfg = Release-static|ARM64
		{9CFB0342-A9E7-483E-BEE5-A1DE22584C5A}.Release-static|ARM64.Build.0 = Release-static|ARM64
		{9CFB0342-A9E7-483E-BEE5-A1DE22584C5A}.Release-static|ARM.ActiveCfg = Release-static|ARM
		{9CFB0342-A9E7-483E-BEE5-A1DE22584C5A}.Release-static|ARM.Build.0 = Release-static|ARM
		{9CFB0342-A9E7-483E-BEE5-A1DE22584C5A}.Release-static-xp|x64.ActiveCfg = Release-static-xp|x64
		{9CFB0342-A9E7-483E-BEE5-A1DE22584C5A}.Release-static-xp|x64.Build.0 = Release-static-xp|x64
		{9CFB0342-A9E7-483E-BEE5-A1DE22584C5A}.Release-static-xp|Win32.ActiveCfg = Release-static-xp|Win32
		{9CFB0342-A9E7-483E-BEE5-A1DE22584C5A}.Release-static-xp|Win32.Build.0 = Release-static-xp|Win32
		{9CFB0342-A9E7-483E-BEE5-A1DE22584C5A}.Release-static-xp|ARM64.ActiveCfg = Release-static-xp|Win32
		{9CFB0342-A9E7-483E-BEE5-A1DE22584C5A}.Release-static-xp|ARM.ActiveCfg = Release-static-xp|Win32
		{294D5317-E983-4682-8DB5-678EA4645E11}.Debug-dll|x64.ActiveCfg = Debug-dll|x64
		{294D5317-E983-4682-8DB5-678EA4645E11}.Debug-dll|x64.Build.0 = Debug-dll|x64
		{294D5317-E983-4682-8DB5-678EA4645E11}.Debug-dll|Win32.ActiveCfg = Debug-dll|Win32
		{294D5317-E983-4682-8DB5-678EA4645E11}.Debug-dll|Win32.Build.0 = Debug-dll|Win32
		{294D5317-E983-4682-8DB5-678EA4645E11}.Debug-dll|ARM64.ActiveCfg = Debug-dll|ARM64
		{294D5317-E983-4682-8DB5-678EA4645E11}.Debug-dll|ARM64.Build.0 = Debug-dll|ARM64
		{294D5317-E983-4682-8DB5-678EA4645E11}.Debug-dll|ARM.ActiveCfg = Debug-dll|ARM
		{294D5317-E983-4682-8DB5-678EA4645E11}.Debug-dll|ARM.Build.0 = Debug-dll|ARM
		{294D5317-E983-4682-8DB5-678EA4645E11}.Debug-dll-xp|x64.ActiveCfg = Debug-dll|x64
		{294D5317-E983-4682-8DB5-678EA4645E11}.Debug-dll-xp|x64.Build.0 = Debug-dll|x64
		{294D5317-E983-4682-8DB5-678EA4645E11}.Debug-dll-xp|Win32.ActiveCfg = Debug-dll|Win32
		{294D5317-E983-4682-8DB5-678EA4645E11}.Debug-dll-xp|Win32.Build.0 = Debug-dll|Win32
		{294D5317-E983-4682-8DB5-678EA4645E11}.Debug-dll-xp|ARM64.ActiveCfg = Release-static|ARM
		{294D5317-E983-4682-8DB5-678EA4645E11}.Debug-dll-xp|ARM64.Build.0 = Release-static|ARM
		{294D5317-E983-4682-8DB5-678EA4645E11}.Debug-dll-xp|ARM.ActiveCfg = Release-static|ARM
		{294D5317-E983-4682-8DB5-678EA4645E11}.Debug-dll-xp|ARM.Build.0 = Release-static|ARM
		{294D5317-E983-4682-8DB5-678EA4645E11}.Debug-static|x64.ActiveCfg = Debug-static|x64
		{294D5317-E983-4682-8DB5-678EA4645E11}.Debug-static|x64.Build.0 = Debug-static|x64
		{294D5317-E983-4682-8DB5-678EA4645E11}.Debug-static|Win32.ActiveCfg = Debug-static|Win32
		{294D5317-E983-4682-8DB5-678EA4645E11}.Debug-static|Win32.Build.0 = Debug-static|Win32
		{294D5317-E983-4682-8DB5-678EA4645E11}.Debug-static|ARM64.ActiveCfg = Debug-static|ARM64
		{294D5317-E983-4682-8DB5-678EA4645E11}.Debug-static|ARM64.Build.0 = Debug-static|ARM64
		{294D5317-E983-4682-8DB5-678EA4645E11}.Debug-static|ARM.ActiveCfg = Debug-static|ARM
		{294D5317-E983-4682-8DB5-678EA4645E11}.Debug-static|ARM.Build.0 = Debug-static|ARM
		{294D5317-E983-4682-8DB5-678EA4645E11}.Debug-static-xp|x64.ActiveCfg = Debug-static|x64
		{294D5317-E983-4682-8DB5-678EA4645E11}.Debug-static-xp|x64.Build.0 = Debug-static|x64
		{294D5317-E983-4682-8DB5-678EA4645E11}.Debug-static-xp|Win32.ActiveCfg = Debug-static|Win32
		{294D5317-E983-4682-8DB5-678EA4645E11}.Debug-static-xp|Win32.Build.0 = Debug-static|Win32
		{294D5317-E983-4682-8DB5-678EA4645E11}.Debug-static-xp|ARM64.ActiveCfg = Release-static|ARM
		{294D5317-E983-4682-8DB5-678EA4645E11}.Debug-static-xp|ARM64.Build.0 = Release-static|ARM
		{294D5317-E983-4682-8DB5-678EA4645E11}.Debug-static-xp|ARM.ActiveCfg = Release-static|ARM
		{294D5317-E983-4682-8DB5-678EA4645E11}.Debug-static-xp|ARM.Build.0 = Release-static|ARM
		{294D5317-E983-4682-8DB5-678EA4645E11}.Release-dll|x64.ActiveCfg = Release-dll|x64
		{294D5317-E983-4682-8DB5-678EA4645E11}.Release-dll|x64.Build.0 = Release-dll|x64
		{294D5317-E983-4682-8DB5-678EA4645E11}.Release-dll|Win32.ActiveCfg = Release-dll|Win32
		{294D5317-E983-4682-8DB5-678EA4645E11}.Release-dll|Win32.Build.0 = Release-dll|Win32
		{294D5317-E983-4682-8DB5-678EA4645E11}.Release-dll|ARM64.ActiveCfg = Release-dll|ARM64
		{294D5317-E983-4682-8DB5-678EA4645E11}.Release-dll|ARM64.Build.0 = Release-dll|ARM64
		{294D5317-E983-4682-8DB5-678EA4645E11}.Release-dll|ARM.ActiveCfg = Release-dll|ARM
		{294D5317-E983-4682-8DB5-678EA4645E11}.Release-dll|ARM.Build.0 = Release-dll|ARM
		{294D5317-E983-4682-8DB5-678EA4645E11}.Release-dll-xp|x64.ActiveCfg = Release-dll|x64
		{294D5317-E983-4682-8DB5-678EA4645E11}.Release-dll-xp|x64.Build.0 = Release-dll|x64
		{294D5317-E983-4682-8DB5-678EA4645E11}.Release-dll-xp|Win32.ActiveCfg = Release-dll|Win32
		{294D5317-E983-4682-8DB5-678EA4645E11}.Release-dll-xp|Win32.Build.0 = Release-dll|Win32
		{294D5317-E983-4682-8DB5-678EA4645E11}.Release-dll-xp|ARM64.ActiveCfg = Release-static|ARM
		{294D5317-E983-4682-8DB5-678EA4645E11}.Release-dll-xp|ARM64.Build.0 = Release-static|ARM
		{294D5317-E983-4682-8DB5-678EA4645E11}.Release-dll-xp|ARM.ActiveCfg = Release-static|ARM
		{294D5317-E983-4682-8DB5-678EA4645E11}.Release-dll-xp|ARM.Build.0 = Release-static|ARM
		{294D5317-E983-4682-8DB5-678EA4645E11}.Release-static|x64.ActiveCfg = Release-static|x64
		{294D5317-E983-4682-8DB5-678EA4645E11}.Release-static|x64.Build.0 = Release-static|x64
		{294D5317-E983-4682-8DB5-678EA4645E11}.Release-static|Win32.ActiveCfg = Release-static|Win32
		{294D5317-E983-4682-8DB5-678EA4645E11}.Release-static|Win32.Build.0 = Release-static|Win32
		{294D5317-E983-4682-8DB5-678EA4645E11}.Release-static|ARM64.ActiveCfg = Release-static|ARM64
		{294D5317-E983-4682-8DB5-678EA4645E11}.Release-static|ARM64.Build.0 = Release-static|ARM64
		{294D5317-E983-4682-8DB5-678EA4645E11}.Release-static|ARM.ActiveCfg = Release-static|ARM
		{294D5317-E983-4682-8DB5-678EA4645E11}.Release-static|ARM.Build.0 = Release-static|ARM
		{294D5317-E983-4682-8DB5-678EA4645E11}.Release-static-xp|x64.ActiveCfg = Release-static|x64
		{294D5317-E983-4682-8DB5-678EA4645E11}.Release-static-xp|x64.Build.0 = Release-static|x64
		{294D5317-E983-4682-8DB5-678EA4645E11}.Release-static-xp|Win32.ActiveCfg = Release-static|Win32
		{294D5317-E983-4682-8DB5-678EA4645E11}.Release-static-xp|Win32.Build.0 = Release-static|Win32
		{294D5317-E983-4682-8DB5-678EA4645E11}.Release-static-xp|ARM64.ActiveCfg = Release-static|ARM
		{294D5317-E983-4682-8DB5-678EA4645E11}.Release-static-xp|ARM64.Build.0 = Release-static|ARM
		{294D5317-E983-4682-8DB5-678EA4645E11}.Release-static-xp|ARM.ActiveCfg = Release-static|ARM
		{294D5317-E983-4682-8DB5-678EA4645E11}.Release-static-xp|ARM.Build.0 = Release-static|ARM
		{77A27E6D-9A39-40B8-961B-40E63DB7FA65}.Debug-dll|x64.ActiveCfg = Debug-dll|x64
		{77A27E6D-9A39-40B8-961B-40E63DB7FA65}.Debug-dll|x64.Build.0 = Debug-dll|x64
		{77A27E6D-9A39-40B8-961B-40E63DB7FA65}.Debug-dll|Win32.ActiveCfg = Debug-dll|Win32
		{77A27E6D-9A39-40B8-961B-40E63DB7FA65}.Debug-dll|Win32.Build.0 = Debug-dll|Win32
		{77A27E6D-9A39-40B8-961B-40E63DB7FA65}.Debug-dll|ARM64.ActiveCfg = Debug-dll|ARM64
		{77A27E6D-9A39-40B8-961B-40E63DB7FA65}.Debug-dll|ARM64.Build.0 = Debug-dll|ARM64
		{77A27E6D-9A39-40B8-961B-40E63DB7FA65}.Debug-dll|ARM.ActiveCfg = Debug-dll|ARM
		{77A27E6D-9A39-40B8-961B-40E63DB7FA65}.Debug-dll|ARM.Build.0 = Debug-dll|ARM
		{77A27E6D-9A39-40B8-961B-40E63DB7FA65}.Debug-dll-xp|x64.ActiveCfg = Debug-dll|x64
		{77A27E6D-9A39-40B8-961B-40E63DB7FA65}.Debug-dll-xp|x64.Build.0 = Debug-dll|x64
		{77A27E6D-9A39-40B8-961B-40E63DB7FA65}.Debug-dll-xp|Win32.ActiveCfg = Debug-dll|Win32
		{77A27E6D-9A39-40B8-961B-40E63DB7FA65}.Debug-dll-xp|Win32.Build.0 = Debug-dll|Win32
		{77A27E6D-9A39-40B8-961B-40E63DB7FA65}.Debug-dll-xp|ARM64.ActiveCfg = Release-static|ARM
		{77A27E6D-9A39-40B8-961B-40E63DB7FA65}.Debug-dll-xp|ARM64.Build.0 = Release-static|ARM
		{77A27E6D-9A39-40B8-961B-40E63DB7FA65}.Debug-dll-xp|ARM.ActiveCfg = Release-static|ARM
		{77A27E6D-9A39-40B8-961B-40E63DB7FA65}.Debug-dll-xp|ARM.Build.0 = Release-static|ARM
		{77A27E6D-9A39-40B8-961B-40E63DB7FA65}.Debug-static|x64.ActiveCfg = Debug-static|x64
		{77A27E6D-9A39-40B8-961B-40E63DB7FA65}.Debug-static|x64.Build.0 = Debug-static|x64
		{77A27E6D-9A39-40B8-961B-40E63DB7FA65}.Debug-static|Win32.ActiveCfg = Debug-static|Win32
		{77A27E6D-9A39-40B8-961B-40E63DB7FA65}.Debug-static|Win32.Build.0 = Debug-static|Win32
		{77A27E6D-9A39-40B8-961B-40E63DB7FA65}.Debug-static|ARM64.ActiveCfg = Debug-static|ARM64
		{77A27E6D-9A39-40B8-961B-40E63DB7FA65}.Debug-static|ARM64.Build.0 = Debug-static|ARM64
		{77A27E6D-9A39-40B8-961B-40E63DB7FA65}.Debug-static|ARM.ActiveCfg = Debug-static|ARM
		{77A27E6D-9A39-40B8-961B-40E63DB7FA65}.Debug-static|ARM.Build.0 = Debug-static|ARM
		{77A27E6D-9A39-40B8-961B-40E63DB7FA65}.Debug-static-xp|x64.ActiveCfg = Debug-static|x64
		{77A27E6D-9A39-40B8-961B-40E63DB7FA65}.Debug-static-xp|x64.Build.0 = Debug-static|x64
		{77A27E6D-9A39-40B8-961B-40E63DB7FA65}.Debug-static-xp|Win32.ActiveCfg = Debug-static|Win32
		{77A27E6D-9A39-40B8-961B-40E63DB7FA65}.Debug-static-xp|Win32.Build.0 = Debug-static|Win32
		{77A27E6D-9A39-40B8-961B-40E63DB7FA65}.Debug-static-xp|ARM64.ActiveCfg = Release-static|ARM
		{77A27E6D-9A39-40B8-961B-40E63DB7FA65}.Debug-static-xp|ARM64.Build.0 = Release-static|ARM
		{77A27E6D-9A39-40B8-961B-40E63DB7FA65}.Debug-static-xp|ARM.ActiveCfg = Release-static|ARM
		{77A27E6D-9A39-40B8-961B-40E63DB7FA65}.Debug-static-xp|ARM.Build.0 = Release-static|ARM
		{77A27E6D-9A39-40B8-961B-40E63DB7FA65}.Release-dll|x64.ActiveCfg = Release-dll|x64
		{77A27E6D-9A39-40B8-961B-40E63DB7FA65}.Release-dll|x64.Build.0 = Release-dll|x64
		{77A27E6D-9A39-40B8-961B-40E63DB7FA65}.Release-dll|Win32.ActiveCfg = Release-dll|Win32
		{77A27E6D-9A39-40B8-961B-40E63DB7FA65}.Release-dll|Win32.Build.0 = Release-dll|Win32
		{77A27E6D-9A39-40B8-961B-40E63DB7FA65}.Release-dll|ARM64.ActiveCfg = Release-dll|ARM64
		{77A27E6D-9A39-40B8-961B-40E63DB7FA65}.Release-dll|ARM64.Build.0 = Release-dll|ARM64
		{77A27E6D-9A39-40B8-961B-40E63DB7FA65}.Release-dll|ARM.ActiveCfg = Release-dll|ARM
		{77A27E6D-9A39-40B8-961B-40E63DB7FA65}.Release-dll|ARM.Build.0 = Release-dll|ARM
		{77A27E6D-9A39-40B8-961B-40E63DB7FA65}.Release-dll-xp|x64.ActiveCfg = Release-dll|x64
		{77A27E6D-9A39-40B8-961B-40E63DB7FA65}.Release-dll-xp|x64.Build.0 = Release-dll|x64
		{77A27E6D-9A39-40B8-961B-40E63DB7FA65}.Release-dll-xp|Win32.ActiveCfg = Release-dll|Win32
		{77A27E6D-9A39-40B8-961B-40E63DB7FA65}.Release-dll-xp|Win32.Build.0 = Release-dll|Win32
		{77A27E6D-9A39-40B8-961B-40E63DB7FA65}.Release-dll-xp|ARM64.ActiveCfg = Release-static|ARM
		{77A27E6D-9A39-40B8-961B-40E63DB7FA65}.Release-dll-xp|ARM64.Build.0 = Release-static|ARM
		{77A27E6D-9A39-40B8-961B-40E63DB7FA65}.Release-dll-xp|ARM.ActiveCfg = Release-static|ARM
		{77A27E6D-9A39-40B8-961B-40E63DB7FA65}.Release-dll-xp|ARM.Build.0 = Release-static|ARM
		{77A27E6D-9A39-40B8-961B-40E63DB7FA65}.Release-static|x64.ActiveCfg = Release-static|x64
		{77A27E6D-9A39-40B8-961B-40E63DB7FA65}.Release-static|x64.Build.0 = Release-static|x64
		{77A27E6D-9A39-40B8-961B-40E63DB7FA65}.Release-static|Win32.ActiveCfg = Release-static|Win32
		{77A27E6D-9A39-40B8-961B-40E63DB7FA65}.Release-static|Win32.Build.0 = Release-static|Win32
		{77A27E6D-9A39-40B8-961B-40E63DB7FA65}.Release-static|ARM64.ActiveCfg = Release-static|ARM64
		{77A27E6D-9A39-40B8-961B-40E63DB7FA65}.Release-static|ARM64.Build.0 = Release-static|ARM64
		{77A27E6D-9A39-40B8-961B-40E63DB7FA65}.Release-static|ARM.ActiveCfg = Release-static|ARM
		{77A27E6D-9A39-40B8-961B-40E63DB7FA65}.Release-static|ARM.Build.0 = Release-static|ARM
		{77A27E6D-9A39-40B8-961B-40E63DB7FA65}.Release-static-xp|x64.ActiveCfg = Release-static|x64
		{77A27E6D-9A39-40B8-961B-40E63DB7FA65}.Release-static-xp|x64.Build.0 = Release-static|x64
		{77A27E6D-9A39-40B8-961B-40E63DB7FA65}.Release-static-xp|Win32.ActiveCfg = Release-static|Win32
		{77A27E6D-9A39-40B8-961B-40E63DB7FA65}.Release-static-xp|Win32.Build.0 = Release-static|Win32
		{77A27E6D-9A39-40B8-961B-40E63DB7FA65}.Release-static-xp|ARM64.ActiveCfg = Release-static|ARM
		{77A27E6D-9A39-40B8-961B-40E63DB7FA65}.Release-static-xp|ARM64.Build.0 = Release-static|ARM
		{77A27E6D-9A39-40B8-961B-40E63DB7FA65}.Release-static-xp|ARM.ActiveCfg = Release-static|ARM
		{77A27E6D-9A39-40B8-961B-40E63DB7FA65}.Release-static-xp|ARM.Build.0 = Release-static|ARM
		{0192C6B5-D870-4857-B673-471E3EBD41D4}.Debug-dll|x64.ActiveCfg = Debug-dll|x64
		{0192C6B5-D870-4857-B673-471E3EBD41D4}.Debug-dll|x64.Build.0 = Debug-dll|x64
		{0192C6B5-D870-4857-B673-471E3EBD41D4}.Debug-dll|Win32.ActiveCfg = Debug-dll|Win32
		{0192C6B5-D870-4857-B673-471E3EBD41D4}.Debug-dll|Win32.Build.0 = Debug-dll|Win32
		{0192C6B5-D870-4857-B673-471E3EBD41D4}.Debug-dll|ARM64.ActiveCfg = Debug-dll|ARM64
		{0192C6B5-D870-4857-B673-471E3EBD41D4}.Debug-dll|ARM64.Build.0 = Debug-dll|ARM64
		{0192C6B5-D870-4857-B673-471E3EBD41D4}.Debug-dll|ARM.ActiveCfg = Debug-dll|ARM
		{0192C6B5-D870-4857-B673-471E3EBD41D4}.Debug-dll|ARM.Build.0 = Debug-dll|ARM
		{0192C6B5-D870-4857-B673-471E3EBD41D4}.Debug-dll-xp|x64.ActiveCfg = Debug-dll|x64
		{0192C6B5-D870-4857-B673-471E3EBD41D4}.Debug-dll-xp|x64.Build.0 = Debug-dll|x64
		{0192C6B5-D870-4857-B673-471E3EBD41D4}.Debug-dll-xp|Win32.ActiveCfg = Debug-dll|Win32
		{0192C6B5-D870-4857-B673-471E3EBD41D4}.Debug-dll-xp|Win32.Build.0 = Debug-dll|Win32
		{0192C6B5-D870-4857-B673-471E3EBD41D4}.Debug-dll-xp|ARM64.ActiveCfg = Release-static|ARM
		{0192C6B5-D870-4857-B673-471E3EBD41D4}.Debug-dll-xp|ARM64.Build.0 = Release-static|ARM
		{0192C6B5-D870-4857-B673-471E3EBD41D4}.Debug-dll-xp|ARM.ActiveCfg = Release-static|ARM
		{0192C6B5-D870-4857-B673-471E3EBD41D4}.Debug-dll-xp|ARM.Build.0 = Release-static|ARM
		{0192C6B5-D870-4857-B673-471E3EBD41D4}.Debug-static|x64.ActiveCfg = Debug-static|x64
		{0192C6B5-D870-4857-B673-471E3EBD41D4}.Debug-static|x64.Build.0 = Debug-static|x64
		{0192C6B5-D870-4857-B673-471E3EBD41D4}.Debug-static|Win32.ActiveCfg = Debug-static|Win32
		{0192C6B5-D870-4857-B673-471E3EBD41D4}.Debug-static|Win32.Build.0 = Debug-static|Win32
		{0192C6B5-D870-4857-B673-471E3EBD41D4}.Debug-static|ARM64.ActiveCfg = Debug-static|ARM64
		{0192C6B5-D870-4857-B673-471E3EBD41D4}.Debug-static|ARM64.Build.0 = Debug-static|ARM64
		{0192C6B5-D870-4857-B673-471E3EBD41D4}.Debug-static|ARM.ActiveCfg = Debug-static|ARM
		{0192C6B5-D870-4857-B673-471E3EBD41D4}.Debug-static|ARM.Build.0 = Debug-static|ARM
		{0192C6B5-D870-4857-B673-471E3EBD41D4}.Debug-static-xp|x64.ActiveCfg = Debug-static|x64
		{0192C6B5-D870-4857-B673-471E3EBD41D4}.Debug-static-xp|x64.Build.0 = Debug-static|x64
		{0192C6B5-D870-4857-B673-471E3EBD41D4}.Debug-static-xp|Win32.ActiveCfg = Debug-static|Win32
		{0192C6B5-D870-4857-B673-471E3EBD41D4}.Debug-static-xp|Win32.Build.0 = Debug-static|Win32
		{0192C6B5-D870-4857-B673-471E3EBD41D4}.Debug-static-xp|ARM64.ActiveCfg = Release-static|ARM
		{0192C6B5-D870-4857-B673-471E3EBD41D4}.Debug-static-xp|ARM64.Build.0 = Release-static|ARM
		{0192C6B5-D870-4857-B673-471E3EBD41D4}.Debug-static-xp|ARM.ActiveCfg = Release-static|ARM
		{0192C6B5-D870-4857-B673-471E3EBD41D4}.Debug-static-xp|ARM.Build.0 = Release-static|ARM
		{0192C6B5-D870-4857-B673-471E3EBD41D4}.Release-dll|x64.ActiveCfg = Release-dll|x64
		{0192C6B5-D870-4857-B673-471E3EBD41D4}.Release-dll|x64.Build.0 = Release-dll|x64
		{0192C6B5-D870-4857-B673-471E3EBD41D4}.Release-dll|Win32.ActiveCfg = Release-dll|Win32
		{0192C6B5-D870-4857-B673-471E3EBD41D4}.Release-dll|Win32.Build.0 = Release-dll|Win32
		{0192C6B5-D870-4857-B673-471E3EBD41D4}.Release-dll|ARM64.ActiveCfg = Release-dll|ARM64
		{0192C6B5-D870-4857-B673-471E3EBD41D4}.Release-dll|ARM64.Build.0 = Release-dll|ARM64
		{0192C6B5-D870-4857-B673-471E3EBD41D4}.Release-dll|ARM.ActiveCfg = Release-dll|ARM
		{0192C6B5-D870-4857-B673-471E3EBD41D4}.Release-dll|ARM.Build.0 = Release-dll|ARM
		{0192C6B5-D870-4857-B673-471E3EBD41D4}.Release-dll-xp|x64.ActiveCfg = Release-dll|x64
		{0192C6B5-D870-4857-B673-471E3EBD41D4}.Release-dll-xp|x64.Build.0 = Release-dll|x64
		{0192C6B5-D870-4857-B673-471E3EBD41D4}.Release-dll-xp|Win32.ActiveCfg = Release-dll|Win32
		{0192C6B5-D870-4857-B673-471E3EBD41D4}.Release-dll-xp|Win32.Build.0 = Release-dll|Win32
		{0192C6B5-D870-4857-B673-471E3EBD41D4}.Release-dll-xp|ARM64.ActiveCfg = Release-static|ARM
		{0192C6B5-D870-4857-B673-471E3EBD41D4}.Release-dll-xp|ARM64.Build.0 = Release-static|ARM
		{0192C6B5-D870-4857-B673-471E3EBD41D4}.Release-dll-xp|ARM.ActiveCfg = Release-static|ARM
		{0192C6B5-D870-4857-B673-471E3EBD41D4}.Release-dll-xp|ARM.Build.0 = Release-static|ARM
		{0192C6B5-D870-4857-B673-471E3EBD41D4}.Release-static|x64.ActiveCfg = Release-static|x64
		{0192C6B5-D870-4857-B673-471E3EBD41D4}.Release-static|x64.Build.0 = Release-static|x64
		{0192C6B5-D870-4857-B673-471E3EBD41D4}.Release-static|Win32.ActiveCfg = Release-static|Win32
		{0192C6B5-D870-4857-B673-471E3EBD41D4}.Release-static|Win32.Build.0 = Release-static|Win32
		{0192C6B5-D870-4857-B673-471E3EBD41D4}.Release-static|ARM64.ActiveCfg = Release-static|ARM64
		{0192C6B5-D870-4857-B673-471E3EBD41D4}.Release-static|ARM64.Build.0 = Release-static|ARM64
		{0192C6B5-D870-4857-B673-471E3EBD41D4}.Release-static|ARM.ActiveCfg = Release-static|ARM
		{0192C6B5-D870-4857-B673-471E3EBD41D4}.Release-static|ARM.Build.0 = Release-static|ARM
		{0192C6B5-D870-4857-B673-471E3EBD41D4}.Release-static-xp|x64.ActiveCfg = Release-static|x64
		{0192C6B5-D870-4857-B673-471E3EBD41D4}.Release-static-xp|x64.Build.0 = Release-static|x64
		{0192C6B5-D870-4857-B673-471E3EBD41D4}.Release-static-xp|Win32.ActiveCfg = Release-static|Win32
		{0192C6B5-D870-4857-B673-471E3EBD41D4}.Release-static-xp|Win32.Build.0 = Release-static|Win32
		{0192C6B5-D870-4857-B673-471E3EBD41D4}.Release-static-xp|ARM64.ActiveCfg = Release-static|ARM
		{0192C6B5-D870-4857-B673-471E3EBD41D4}.Release-static-xp|ARM64.Build.0 = Release-static|ARM
		{0192C6B5-D870-4857-B673-471E3EBD41D4}.Release-static-xp|ARM.ActiveCfg = Release-static|ARM
		{0192C6B5-D870-4857-B673-471E3EBD41D4}.Release-static-xp|ARM.Build.0 = Release-static|ARM
	EndGlobalSection
	GlobalSection(SolutionProperties) = preSolution
		HideSolutionNode = FALSE
	EndGlobalSection
EndGlobal
